
Microsoft Visual Studio Solution File, Format Version 12.00
# Visual Studio Version 16
VisualStudioVersion = 16.0.30406.217
MinimumVisualStudioVersion = 10.0.40219.1
Project("{9A19103F-16F7-4668-BE54-9A1E7A4F7556}") = "HospitalWeb", "HospitalWeb\HospitalWeb.csproj", "{38A6D6F7-EACD-4D68-8349-F71D00507BC6}"
EndProject
Global
	GlobalSection(SolutionConfigurationPlatforms) = preSolution
		Debug|Any CPU = Debug|Any CPU
		Release|Any CPU = Release|Any CPU
	EndGlobalSection
	GlobalSection(ProjectConfigurationPlatforms) = postSolution
		{38A6D6F7-EACD-4D68-8349-F71D00507BC6}.Debug|Any CPU.ActiveCfg = Debug|Any CPU
		{38A6D6F7-EACD-4D68-8349-F71D00507BC6}.Debug|Any CPU.Build.0 = Debug|Any CPU
		{38A6D6F7-EACD-4D68-8349-F71D00507BC6}.Release|Any CPU.ActiveCfg = Release|Any CPU
		{38A6D6F7-EACD-4D68-8349-F71D00507BC6}.Release|Any CPU.Build.0 = Release|Any CPU
	EndGlobalSection
	GlobalSection(SolutionProperties) = preSolution
		HideSolutionNode = FALSE
	EndGlobalSection
	GlobalSection(ExtensibilityGlobals) = postSolution
		SolutionGuid = {CC67D1F8-EB5F-4879-AAED-89944BF5DA9E}
	EndGlobalSection
EndGlobal
